
Microsoft Visual Studio Solution File, Format Version 12.00
# Visual Studio Version 17
VisualStudioVersion = 17.3.32804.467
MinimumVisualStudioVersion = 10.0.40219.1
Project("{FAE04EC0-301F-11D3-BF4B-00C04F79EFBC}") = "CustomerSupportLogger", "CustomerSupportLogger\CustomerSupportLogger.csproj", "{F59F6462-0404-4319-BC5A-D14BC8575021}"
	ProjectSection(ProjectDependencies) = postProject
		{248A0D4F-E5F3-403C-B04E-DB856A91FFDD} = {248A0D4F-E5F3-403C-B04E-DB856A91FFDD}
	EndProjectSection
EndProject
Project("{FAE04EC0-301F-11D3-BF4B-00C04F79EFBC}") = "Dal", "Dal\Dal.csproj", "{248A0D4F-E5F3-403C-B04E-DB856A91FFDD}"
EndProject
Project("{FAE04EC0-301F-11D3-BF4B-00C04F79EFBC}") = "DalTest", "DalTest\DalTest.csproj", "{4DC2D8A7-1B4E-4CFF-B7D9-D3895FC181C5}"
EndProject
Global
	GlobalSection(SolutionConfigurationPlatforms) = preSolution
		Debug|Any CPU = Debug|Any CPU
		Release|Any CPU = Release|Any CPU
	EndGlobalSection
	GlobalSection(ProjectConfigurationPlatforms) = postSolution
		{F59F6462-0404-4319-BC5A-D14BC8575021}.Debug|Any CPU.ActiveCfg = Debug|Any CPU
		{F59F6462-0404-4319-BC5A-D14BC8575021}.Debug|Any CPU.Build.0 = Debug|Any CPU
		{F59F6462-0404-4319-BC5A-D14BC8575021}.Release|Any CPU.ActiveCfg = Release|Any CPU
		{F59F6462-0404-4319-BC5A-D14BC8575021}.Release|Any CPU.Build.0 = Release|Any CPU
		{248A0D4F-E5F3-403C-B04E-DB856A91FFDD}.Debug|Any CPU.ActiveCfg = Debug|Any CPU
		{248A0D4F-E5F3-403C-B04E-DB856A91FFDD}.Debug|Any CPU.Build.0 = Debug|Any CPU
		{248A0D4F-E5F3-403C-B04E-DB856A91FFDD}.Release|Any CPU.ActiveCfg = Release|Any CPU
		{248A0D4F-E5F3-403C-B04E-DB856A91FFDD}.Release|Any CPU.Build.0 = Release|Any CPU
		{4DC2D8A7-1B4E-4CFF-B7D9-D3895FC181C5}.Debug|Any CPU.ActiveCfg = Debug|Any CPU
		{4DC2D8A7-1B4E-4CFF-B7D9-D3895FC181C5}.Debug|Any CPU.Build.0 = Debug|Any CPU
		{4DC2D8A7-1B4E-4CFF-B7D9-D3895FC181C5}.Release|Any CPU.ActiveCfg = Release|Any CPU
		{4DC2D8A7-1B4E-4CFF-B7D9-D3895FC181C5}.Release|Any CPU.Build.0 = Release|Any CPU
	EndGlobalSection
	GlobalSection(SolutionProperties) = preSolution
		HideSolutionNode = FALSE
	EndGlobalSection
	GlobalSection(ExtensibilityGlobals) = postSolution
		SolutionGuid = {C58E2659-F763-4C42-823A-2B8CA6B2101B}
	EndGlobalSection
EndGlobal
